Microsoft Visual Studio Solution File, Format Version 12.00
# Visual Studio Version 17
VisualStudioVersion = 17.5.2.0
MinimumVisualStudioVersion = 10.0.40219.1
Project("{FAE04EC0-301F-11D3-BF4B-00C04F79EFBC}") = "FitnessBotApp", "FitnessBotApp.csproj", "{2F5B9581-4FB4-A05D-5206-52E1CC799154}"
EndProject
Global
	GlobalSection(SolutionConfigurationPlatforms) = preSolution
		Debug|Any CPU = Debug|Any CPU
		Release|Any CPU = Release|Any CPU
	EndGlobalSection
	GlobalSection(ProjectConfigurationPlatforms) = postSolution
		{2F5B9581-4FB4-A05D-5206-52E1CC799154}.Debug|Any CPU.ActiveCfg = Debug|Any CPU
		{2F5B9581-4FB4-A05D-5206-52E1CC799154}.Debug|Any CPU.Build.0 = Debug|Any CPU
		{2F5B9581-4FB4-A05D-5206-52E1CC799154}.Release|Any CPU.ActiveCfg = Release|Any CPU
		{2F5B9581-4FB4-A05D-5206-52E1CC799154}.Release|Any CPU.Build.0 = Release|Any CPU
	EndGlobalSection
	GlobalSection(SolutionProperties) = preSolution
		HideSolutionNode = FALSE
	EndGlobalSection
	GlobalSection(ExtensibilityGlobals) = postSolution
		SolutionGuid = {A8003233-AD8F-4CD4-BEAE-56FCB1836C72}
	EndGlobalSection
EndGlobal
